// !$*UTF8*$!
{
	archiveVersion = 1;
	classes = {
	};
	objectVersion = 46;
	objects = {

/* Begin PBXBuildFile section */
		7F0B35EC1AA771CE00FC00EF /* AppDelegate.swift in Sources */ = {isa = PBXBuildFile; fileRef = 7F0B35EB1AA771CE00FC00EF /* AppDelegate.swift */; };
		7F0B35EF1AA771CE00FC00EF /* joggin.xcdatamodeld in Sources */ = {isa = PBXBuildFile; fileRef = 7F0B35ED1AA771CE00FC00EF /* joggin.xcdatamodeld */; };
		7F0B35F11AA771CE00FC00EF /* ViewController.swift in Sources */ = {isa = PBXBuildFile; fileRef = 7F0B35F01AA771CE00FC00EF /* ViewController.swift */; };
		7F0B35F41AA771CE00FC00EF /* Main.storyboard in Resources */ = {isa = PBXBuildFile; fileRef = 7F0B35F21AA771CE00FC00EF /* Main.storyboard */; };
		7F0B35F61AA771CE00FC00EF /* Images.xcassets in Resources */ = {isa = PBXBuildFile; fileRef = 7F0B35F51AA771CE00FC00EF /* Images.xcassets */; };
		7F0B35F91AA771CE00FC00EF /* LaunchScreen.xib in Resources */ = {isa = PBXBuildFile; fileRef = 7F0B35F71AA771CE00FC00EF /* LaunchScreen.xib */; };
		7F0B36051AA771CE00FC00EF /* jogginTests.swift in Sources */ = {isa = PBXBuildFile; fileRef = 7F0B36041AA771CE00FC00EF /* jogginTests.swift */; };
		7F2B08F11AA8B001006D470E /* FirstViewController.swift in Sources */ = {isa = PBXBuildFile; fileRef = 7F2B08F01AA8B001006D470E /* FirstViewController.swift */; };
		7F2B08F31AA8EBB6006D470E /* HomeTableViewController.swift in Sources */ = {isa = PBXBuildFile; fileRef = 7F2B08F21AA8EBB6006D470E /* HomeTableViewController.swift */; };
		7F2B08F51AA8EEB1006D470E /* TabBarViewController.swift in Sources */ = {isa = PBXBuildFile; fileRef = 7F2B08F41AA8EEB1006D470E /* TabBarViewController.swift */; };
		7F4AF5DB1AA786710056D1C6 /* Bolts.framework in Frameworks */ = {isa = PBXBuildFile; fileRef = 7F4AF5D61AA786710056D1C6 /* Bolts.framework */; };
		7F4AF5DC1AA786710056D1C6 /* Parse.framework in Frameworks */ = {isa = PBXBuildFile; fileRef = 7F4AF5D71AA786710056D1C6 /* Parse.framework */; };
		7F4AF5DD1AA786710056D1C6 /* ParseCrashReporting.framework in Frameworks */ = {isa = PBXBuildFile; fileRef = 7F4AF5D81AA786710056D1C6 /* ParseCrashReporting.framework */; };
		7F4AF5DE1AA786710056D1C6 /* ParseFacebookUtils.framework in Frameworks */ = {isa = PBXBuildFile; fileRef = 7F4AF5D91AA786710056D1C6 /* ParseFacebookUtils.framework */; };
		7F4AF5DF1AA786710056D1C6 /* ParseUI.framework in Frameworks */ = {isa = PBXBuildFile; fileRef = 7F4AF5DA1AA786710056D1C6 /* ParseUI.framework */; };
		7F4AF5E11AA786970056D1C6 /* Accounts.framework in Frameworks */ = {isa = PBXBuildFile; fileRef = 7F4AF5E01AA786970056D1C6 /* Accounts.framework */; };
		7F4AF5E31AA7869D0056D1C6 /* AudioToolbox.framework in Frameworks */ = {isa = PBXBuildFile; fileRef = 7F4AF5E21AA7869D0056D1C6 /* AudioToolbox.framework */; };
		7F4AF5E51AA786A70056D1C6 /* CFNetwork.framework in Frameworks */ = {isa = PBXBuildFile; fileRef = 7F4AF5E41AA786A70056D1C6 /* CFNetwork.framework */; };
		7F4AF5E71AA786AC0056D1C6 /* CoreGraphics.framework in Frameworks */ = {isa = PBXBuildFile; fileRef = 7F4AF5E61AA786AC0056D1C6 /* CoreGraphics.framework */; };
		7F4AF5E91AA786B60056D1C6 /* CoreLocation.framework in Frameworks */ = {isa = PBXBuildFile; fileRef = 7F4AF5E81AA786B60056D1C6 /* CoreLocation.framework */; };
		7F4AF5EB1AA786BD0056D1C6 /* MobileCoreServices.framework in Frameworks */ = {isa = PBXBuildFile; fileRef = 7F4AF5EA1AA786BD0056D1C6 /* MobileCoreServices.framework */; };
		7F4AF5ED1AA786C40056D1C6 /* QuartzCore.framework in Frameworks */ = {isa = PBXBuildFile; fileRef = 7F4AF5EC1AA786C40056D1C6 /* QuartzCore.framework */; };
		7F4AF5EF1AA786CA0056D1C6 /* Security.framework in Frameworks */ = {isa = PBXBuildFile; fileRef = 7F4AF5EE1AA786CA0056D1C6 /* Security.framework */; };
		7F4AF5F11AA786D00056D1C6 /* Social.framework in Frameworks */ = {isa = PBXBuildFile; fileRef = 7F4AF5F01AA786D00056D1C6 /* Social.framework */; };
		7F4AF5F31AA786E10056D1C6 /* StoreKit.framework in Frameworks */ = {isa = PBXBuildFile; fileRef = 7F4AF5F21AA786E10056D1C6 /* StoreKit.framework */; };
		7F4AF5F51AA786E80056D1C6 /* SystemConfiguration.framework in Frameworks */ = {isa = PBXBuildFile; fileRef = 7F4AF5F41AA786E80056D1C6 /* SystemConfiguration.framework */; };
		7F4AF5F71AA786EF0056D1C6 /* libz.dylib in Frameworks */ = {isa = PBXBuildFile; fileRef = 7F4AF5F61AA786EF0056D1C6 /* libz.dylib */; };
		7F4AF5F91AA786F60056D1C6 /* libsqlite3.dylib in Frameworks */ = {isa = PBXBuildFile; fileRef = 7F4AF5F81AA786F60056D1C6 /* libsqlite3.dylib */; };
		7F4AF6001AA78AC90056D1C6 /* login.storyboard in Resources */ = {isa = PBXBuildFile; fileRef = 7F4AF5FF1AA78AC90056D1C6 /* login.storyboard */; };
		7F4AF6021AA78D250056D1C6 /* LoginViewController.swift in Sources */ = {isa = PBXBuildFile; fileRef = 7F4AF6011AA78D250056D1C6 /* LoginViewController.swift */; };
		7F5B59D81AA8A91200D97024 /* PZUILoader.m in Sources */ = {isa = PBXBuildFile; fileRef = 7F5B59D71AA8A91200D97024 /* PZUILoader.m */; };
		7F8283CC1AA797B7009B45D4 /* InfoLoginContainerViewController.swift in Sources */ = {isa = PBXBuildFile; fileRef = 7F8283CB1AA797B7009B45D4 /* InfoLoginContainerViewController.swift */; };
		7F8283D01AA798B9009B45D4 /* SecondViewController.swift in Sources */ = {isa = PBXBuildFile; fileRef = 7F8283CF1AA798B9009B45D4 /* SecondViewController.swift */; };
		7F8283D21AA7A12E009B45D4 /* EmptySegue.swift in Sources */ = {isa = PBXBuildFile; fileRef = 7F8283D11AA7A12E009B45D4 /* EmptySegue.swift */; };
		B574D2A01AA957BE0056E624 /* HomeTableViewCell.swift in Sources */ = {isa = PBXBuildFile; fileRef = B574D29E1AA957BE0056E624 /* HomeTableViewCell.swift */; };
		B574D2A11AA957BE0056E624 /* HomeTableViewCell.xib in Resources */ = {isa = PBXBuildFile; fileRef = B574D29F1AA957BE0056E624 /* HomeTableViewCell.xib */; };
/* End PBXBuildFile section */

/* Begin PBXContainerItemProxy section */
		7F0B35FF1AA771CE00FC00EF /* PBXContainerItemProxy */ = {
			isa = PBXContainerItemProxy;
			containerPortal = 7F0B35DE1AA771CE00FC00EF /* Project object */;
			proxyType = 1;
			remoteGlobalIDString = 7F0B35E51AA771CE00FC00EF;
			remoteInfo = joggin;
		};
/* End PBXContainerItemProxy section */

/* Begin PBXFileReference section */
		7F0B35E61AA771CE00FC00EF /* joggin.app */ = {isa = PBXFileReference; explicitFileType = wrapper.application; includeInIndex = 0; path = joggin.app; sourceTree = BUILT_PRODUCTS_DIR; };
		7F0B35EA1AA771CE00FC00EF /* Info.plist */ = {isa = PBXFileReference; lastKnownFileType = text.plist.xml; path = Info.plist; sourceTree = "<group>"; };
		7F0B35EB1AA771CE00FC00EF /* AppDelegate.swift */ = {isa = PBXFileReference; lastKnownFileType = sourcecode.swift; path = AppDelegate.swift; sourceTree = "<group>"; };
		7F0B35EE1AA771CE00FC00EF /* joggin.xcdatamodel */ = {isa = PBXFileReference; lastKnownFileType = wrapper.xcdatamodel; path = joggin.xcdatamodel; sourceTree = "<group>"; };
		7F0B35F01AA771CE00FC00EF /* ViewController.swift */ = {isa = PBXFileReference; lastKnownFileType = sourcecode.swift; path = ViewController.swift; sourceTree = "<group>"; };
		7F0B35F31AA771CE00FC00EF /* Base */ = {isa = PBXFileReference; lastKnownFileType = file.storyboard; name = Base; path = Base.lproj/Main.storyboard; sourceTree = "<group>"; };
		7F0B35F51AA771CE00FC00EF /* Images.xcassets */ = {isa = PBXFileReference; lastKnownFileType = folder.assetcatalog; path = Images.xcassets; sourceTree = "<group>"; };
		7F0B35F81AA771CE00FC00EF /* Base */ = {isa = PBXFileReference; lastKnownFileType = file.xib; name = Base; path = Base.lproj/LaunchScreen.xib; sourceTree = "<group>"; };
		7F0B35FE1AA771CE00FC00EF /* jogginTests.xctest */ = {isa = PBXFileReference; explicitFileType = wrapper.cfbundle; includeInIndex = 0; path = jogginTests.xctest; sourceTree = BUILT_PRODUCTS_DIR; };
		7F0B36031AA771CE00FC00EF /* Info.plist */ = {isa = PBXFileReference; lastKnownFileType = text.plist.xml; path = Info.plist; sourceTree = "<group>"; };
		7F0B36041AA771CE00FC00EF /* jogginTests.swift */ = {isa = PBXFileReference; lastKnownFileType = sourcecode.swift; path = jogginTests.swift; sourceTree = "<group>"; };
		7F2B08F01AA8B001006D470E /* FirstViewController.swift */ = {isa = PBXFileReference; fileEncoding = 4; lastKnownFileType = sourcecode.swift; path = FirstViewController.swift; sourceTree = "<group>"; };
		7F2B08F21AA8EBB6006D470E /* HomeTableViewController.swift */ = {isa = PBXFileReference; fileEncoding = 4; lastKnownFileType = sourcecode.swift; path = HomeTableViewController.swift; sourceTree = "<group>"; };
		7F2B08F41AA8EEB1006D470E /* TabBarViewController.swift */ = {isa = PBXFileReference; fileEncoding = 4; lastKnownFileType = sourcecode.swift; path = TabBarViewController.swift; sourceTree = "<group>"; };
		7F4AF5D61AA786710056D1C6 /* Bolts.framework */ = {isa = PBXFileReference; lastKnownFileType = wrapper.framework; path = Bolts.framework; sourceTree = "<group>"; };
		7F4AF5D71AA786710056D1C6 /* Parse.framework */ = {isa = PBXFileReference; lastKnownFileType = wrapper.framework; path = Parse.framework; sourceTree = "<group>"; };
		7F4AF5D81AA786710056D1C6 /* ParseCrashReporting.framework */ = {isa = PBXFileReference; lastKnownFileType = wrapper.framework; path = ParseCrashReporting.framework; sourceTree = "<group>"; };
		7F4AF5D91AA786710056D1C6 /* ParseFacebookUtils.framework */ = {isa = PBXFileReference; lastKnownFileType = wrapper.framework; path = ParseFacebookUtils.framework; sourceTree = "<group>"; };
		7F4AF5DA1AA786710056D1C6 /* ParseUI.framework */ = {isa = PBXFileReference; lastKnownFileType = wrapper.framework; path = ParseUI.framework; sourceTree = "<group>"; };
		7F4AF5E01AA786970056D1C6 /* Accounts.framework */ = {isa = PBXFileReference; lastKnownFileType = wrapper.framework; name = Accounts.framework; path = System/Library/Frameworks/Accounts.framework; sourceTree = SDKROOT; };
		7F4AF5E21AA7869D0056D1C6 /* AudioToolbox.framework */ = {isa = PBXFileReference; lastKnownFileType = wrapper.framework; name = AudioToolbox.framework; path = System/Library/Frameworks/AudioToolbox.framework; sourceTree = SDKROOT; };
		7F4AF5E41AA786A70056D1C6 /* CFNetwork.framework */ = {isa = PBXFileReference; lastKnownFileType = wrapper.framework; name = CFNetwork.framework; path = System/Library/Frameworks/CFNetwork.framework; sourceTree = SDKROOT; };
		7F4AF5E61AA786AC0056D1C6 /* CoreGraphics.framework */ = {isa = PBXFileReference; lastKnownFileType = wrapper.framework; name = CoreGraphics.framework; path = System/Library/Frameworks/CoreGraphics.framework; sourceTree = SDKROOT; };
		7F4AF5E81AA786B60056D1C6 /* CoreLocation.framework */ = {isa = PBXFileReference; lastKnownFileType = wrapper.framework; name = CoreLocation.framework; path = System/Library/Frameworks/CoreLocation.framework; sourceTree = SDKROOT; };
		7F4AF5EA1AA786BD0056D1C6 /* MobileCoreServices.framework */ = {isa = PBXFileReference; lastKnownFileType = wrapper.framework; name = MobileCoreServices.framework; path = System/Library/Frameworks/MobileCoreServices.framework; sourceTree = SDKROOT; };
		7F4AF5EC1AA786C40056D1C6 /* QuartzCore.framework */ = {isa = PBXFileReference; lastKnownFileType = wrapper.framework; name = QuartzCore.framework; path = System/Library/Frameworks/QuartzCore.framework; sourceTree = SDKROOT; };
		7F4AF5EE1AA786CA0056D1C6 /* Security.framework */ = {isa = PBXFileReference; lastKnownFileType = wrapper.framework; name = Security.framework; path = System/Library/Frameworks/Security.framework; sourceTree = SDKROOT; };
		7F4AF5F01AA786D00056D1C6 /* Social.framework */ = {isa = PBXFileReference; lastKnownFileType = wrapper.framework; name = Social.framework; path = System/Library/Frameworks/Social.framework; sourceTree = SDKROOT; };
		7F4AF5F21AA786E10056D1C6 /* StoreKit.framework */ = {isa = PBXFileReference; lastKnownFileType = wrapper.framework; name = StoreKit.framework; path = System/Library/Frameworks/StoreKit.framework; sourceTree = SDKROOT; };
		7F4AF5F41AA786E80056D1C6 /* SystemConfiguration.framework */ = {isa = PBXFileReference; lastKnownFileType = wrapper.framework; name = SystemConfiguration.framework; path = System/Library/Frameworks/SystemConfiguration.framework; sourceTree = SDKROOT; };
		7F4AF5F61AA786EF0056D1C6 /* libz.dylib */ = {isa = PBXFileReference; lastKnownFileType = "compiled.mach-o.dylib"; name = libz.dylib; path = usr/lib/libz.dylib; sourceTree = SDKROOT; };
		7F4AF5F81AA786F60056D1C6 /* libsqlite3.dylib */ = {isa = PBXFileReference; lastKnownFileType = "compiled.mach-o.dylib"; name = libsqlite3.dylib; path = usr/lib/libsqlite3.dylib; sourceTree = SDKROOT; };
		7F4AF5FA1AA787640056D1C6 /* joggin-Bridging-Header.h */ = {isa = PBXFileReference; lastKnownFileType = sourcecode.c.h; path = "joggin-Bridging-Header.h"; sourceTree = "<group>"; };
		7F4AF5FF1AA78AC90056D1C6 /* login.storyboard */ = {isa = PBXFileReference; fileEncoding = 4; lastKnownFileType = file.storyboard; path = login.storyboard; sourceTree = "<group>"; };
		7F4AF6011AA78D250056D1C6 /* LoginViewController.swift */ = {isa = PBXFileReference; fileEncoding = 4; lastKnownFileType = sourcecode.swift; path = LoginViewController.swift; sourceTree = "<group>"; };
		7F5B59D61AA8A91200D97024 /* PZUILoader.h */ = {isa = PBXFileReference; fileEncoding = 4; lastKnownFileType = sourcecode.c.h; path = PZUILoader.h; sourceTree = "<group>"; };
		7F5B59D71AA8A91200D97024 /* PZUILoader.m */ = {isa = PBXFileReference; fileEncoding = 4; lastKnownFileType = sourcecode.c.objc; path = PZUILoader.m; sourceTree = "<group>"; };
		7F8283CB1AA797B7009B45D4 /* InfoLoginContainerViewController.swift */ = {isa = PBXFileReference; fileEncoding = 4; lastKnownFileType = sourcecode.swift; path = InfoLoginContainerViewController.swift; sourceTree = "<group>"; };
		7F8283CF1AA798B9009B45D4 /* SecondViewController.swift */ = {isa = PBXFileReference; fileEncoding = 4; lastKnownFileType = sourcecode.swift; path = SecondViewController.swift; sourceTree = "<group>"; };
		7F8283D11AA7A12E009B45D4 /* EmptySegue.swift */ = {isa = PBXFileReference; fileEncoding = 4; lastKnownFileType = sourcecode.swift; path = EmptySegue.swift; sourceTree = "<group>"; };
		B574D29E1AA957BE0056E624 /* HomeTableViewCell.swift */ = {isa = PBXFileReference; fileEncoding = 4; lastKnownFileType = sourcecode.swift; path = HomeTableViewCell.swift; sourceTree = "<group>"; };
		B574D29F1AA957BE0056E624 /* HomeTableViewCell.xib */ = {isa = PBXFileReference; fileEncoding = 4; lastKnownFileType = file.xib; path = HomeTableViewCell.xib; sourceTree = "<group>"; };
/* End PBXFileReference section */

/* Begin PBXFrameworksBuildPhase section */
		7F0B35E31AA771CE00FC00EF /* Frameworks */ = {
			isa = PBXFrameworksBuildPhase;
			buildActionMask = 2147483647;
			files = (
				7F4AF5F91AA786F60056D1C6 /* libsqlite3.dylib in Frameworks */,
				7F4AF5F71AA786EF0056D1C6 /* libz.dylib in Frameworks */,
				7F4AF5F51AA786E80056D1C6 /* SystemConfiguration.framework in Frameworks */,
				7F4AF5F31AA786E10056D1C6 /* StoreKit.framework in Frameworks */,
				7F4AF5F11AA786D00056D1C6 /* Social.framework in Frameworks */,
				7F4AF5EF1AA786CA0056D1C6 /* Security.framework in Frameworks */,
				7F4AF5ED1AA786C40056D1C6 /* QuartzCore.framework in Frameworks */,
				7F4AF5EB1AA786BD0056D1C6 /* MobileCoreServices.framework in Frameworks */,
				7F4AF5E91AA786B60056D1C6 /* CoreLocation.framework in Frameworks */,
				7F4AF5E71AA786AC0056D1C6 /* CoreGraphics.framework in Frameworks */,
				7F4AF5E51AA786A70056D1C6 /* CFNetwork.framework in Frameworks */,
				7F4AF5E31AA7869D0056D1C6 /* AudioToolbox.framework in Frameworks */,
				7F4AF5E11AA786970056D1C6 /* Accounts.framework in Frameworks */,
				7F4AF5DC1AA786710056D1C6 /* Parse.framework in Frameworks */,
				7F4AF5DD1AA786710056D1C6 /* ParseCrashReporting.framework in Frameworks */,
				7F4AF5DF1AA786710056D1C6 /* ParseUI.framework in Frameworks */,
				7F4AF5DE1AA786710056D1C6 /* ParseFacebookUtils.framework in Frameworks */,
				7F4AF5DB1AA786710056D1C6 /* Bolts.framework in Frameworks */,
			);
			runOnlyForDeploymentPostprocessing = 0;
		};
		7F0B35FB1AA771CE00FC00EF /* Frameworks */ = {
			isa = PBXFrameworksBuildPhase;
			buildActionMask = 2147483647;
			files = (
			);
			runOnlyForDeploymentPostprocessing = 0;
		};
/* End PBXFrameworksBuildPhase section */

/* Begin PBXGroup section */
		7F0B35DD1AA771CE00FC00EF = {
			isa = PBXGroup;
			children = (
				7F4AF5D51AA786460056D1C6 /* Frameworks */,
				7F0B35E81AA771CE00FC00EF /* joggin */,
				7F0B36011AA771CE00FC00EF /* jogginTests */,
				7F0B35E71AA771CE00FC00EF /* Products */,
			);
			sourceTree = "<group>";
		};
		7F0B35E71AA771CE00FC00EF /* Products */ = {
			isa = PBXGroup;
			children = (
				7F0B35E61AA771CE00FC00EF /* joggin.app */,
				7F0B35FE1AA771CE00FC00EF /* jogginTests.xctest */,
			);
			name = Products;
			sourceTree = "<group>";
		};
		7F0B35E81AA771CE00FC00EF /* joggin */ = {
			isa = PBXGroup;
			children = (
				B574D29D1AA957860056E624 /* home */,
				7F5B59D51AA8A90400D97024 /* loader */,
				7F4AF5FE1AA78AA20056D1C6 /* login */,
				7F0B35EB1AA771CE00FC00EF /* AppDelegate.swift */,
				7F0B35F01AA771CE00FC00EF /* ViewController.swift */,
				7F2B08F41AA8EEB1006D470E /* TabBarViewController.swift */,
				7F0B35F21AA771CE00FC00EF /* Main.storyboard */,
				7F0B35F51AA771CE00FC00EF /* Images.xcassets */,
				7F0B35F71AA771CE00FC00EF /* LaunchScreen.xib */,
				7F0B35ED1AA771CE00FC00EF /* joggin.xcdatamodeld */,
				7F0B35E91AA771CE00FC00EF /* Supporting Files */,
			);
			path = joggin;
			sourceTree = "<group>";
		};
		7F0B35E91AA771CE00FC00EF /* Supporting Files */ = {
			isa = PBXGroup;
			children = (
				7F0B35EA1AA771CE00FC00EF /* Info.plist */,
				7F4AF5FA1AA787640056D1C6 /* joggin-Bridging-Header.h */,
			);
			name = "Supporting Files";
			sourceTree = "<group>";
		};
		7F0B36011AA771CE00FC00EF /* jogginTests */ = {
			isa = PBXGroup;
			children = (
				7F0B36041AA771CE00FC00EF /* jogginTests.swift */,
				7F0B36021AA771CE00FC00EF /* Supporting Files */,
			);
			path = jogginTests;
			sourceTree = "<group>";
		};
		7F0B36021AA771CE00FC00EF /* Supporting Files */ = {
			isa = PBXGroup;
			children = (
				7F0B36031AA771CE00FC00EF /* Info.plist */,
			);
			name = "Supporting Files";
			sourceTree = "<group>";
		};
		7F4AF5D51AA786460056D1C6 /* Frameworks */ = {
			isa = PBXGroup;
			children = (
				7F4AF5F81AA786F60056D1C6 /* libsqlite3.dylib */,
				7F4AF5F61AA786EF0056D1C6 /* libz.dylib */,
				7F4AF5F41AA786E80056D1C6 /* SystemConfiguration.framework */,
				7F4AF5F21AA786E10056D1C6 /* StoreKit.framework */,
				7F4AF5F01AA786D00056D1C6 /* Social.framework */,
				7F4AF5EE1AA786CA0056D1C6 /* Security.framework */,
				7F4AF5EC1AA786C40056D1C6 /* QuartzCore.framework */,
				7F4AF5EA1AA786BD0056D1C6 /* MobileCoreServices.framework */,
				7F4AF5E81AA786B60056D1C6 /* CoreLocation.framework */,
				7F4AF5E61AA786AC0056D1C6 /* CoreGraphics.framework */,
				7F4AF5E41AA786A70056D1C6 /* CFNetwork.framework */,
				7F4AF5E21AA7869D0056D1C6 /* AudioToolbox.framework */,
				7F4AF5E01AA786970056D1C6 /* Accounts.framework */,
				7F4AF5D61AA786710056D1C6 /* Bolts.framework */,
				7F4AF5D71AA786710056D1C6 /* Parse.framework */,
				7F4AF5D81AA786710056D1C6 /* ParseCrashReporting.framework */,
				7F4AF5D91AA786710056D1C6 /* ParseFacebookUtils.framework */,
				7F4AF5DA1AA786710056D1C6 /* ParseUI.framework */,
			);
			name = Frameworks;
			sourceTree = "<group>";
		};
		7F4AF5FE1AA78AA20056D1C6 /* login */ = {
			isa = PBXGroup;
			children = (
				7F4AF5FF1AA78AC90056D1C6 /* login.storyboard */,
				7F4AF6011AA78D250056D1C6 /* LoginViewController.swift */,
				7F8283CB1AA797B7009B45D4 /* InfoLoginContainerViewController.swift */,
				7F2B08F01AA8B001006D470E /* FirstViewController.swift */,
				7F8283CF1AA798B9009B45D4 /* SecondViewController.swift */,
				7F8283D11AA7A12E009B45D4 /* EmptySegue.swift */,
			);
			name = login;
			sourceTree = "<group>";
		};
		7F5B59D51AA8A90400D97024 /* loader */ = {
			isa = PBXGroup;
			children = (
				7F5B59D61AA8A91200D97024 /* PZUILoader.h */,
				7F5B59D71AA8A91200D97024 /* PZUILoader.m */,
			);
			name = loader;
			sourceTree = "<group>";
		};
		B574D29D1AA957860056E624 /* home */ = {
			isa = PBXGroup;
			children = (
				7F2B08F21AA8EBB6006D470E /* HomeTableViewController.swift */,
				B574D29E1AA957BE0056E624 /* HomeTableViewCell.swift */,
				B574D29F1AA957BE0056E624 /* HomeTableViewCell.xib */,
			);
			name = home;
			sourceTree = "<group>";
		};
/* End PBXGroup section */

/* Begin PBXNativeTarget section */
		7F0B35E51AA771CE00FC00EF /* joggin */ = {
			isa = PBXNativeTarget;
			buildConfigurationList = 7F0B36081AA771CE00FC00EF /* Build configuration list for PBXNativeTarget "joggin" */;
			buildPhases = (
				7F0B35E21AA771CE00FC00EF /* Sources */,
				7F0B35E31AA771CE00FC00EF /* Frameworks */,
				7F0B35E41AA771CE00FC00EF /* Resources */,
			);
			buildRules = (
			);
			dependencies = (
			);
			name = joggin;
			productName = joggin;
			productReference = 7F0B35E61AA771CE00FC00EF /* joggin.app */;
			productType = "com.apple.product-type.application";
		};
		7F0B35FD1AA771CE00FC00EF /* jogginTests */ = {
			isa = PBXNativeTarget;
			buildConfigurationList = 7F0B360B1AA771CE00FC00EF /* Build configuration list for PBXNativeTarget "jogginTests" */;
			buildPhases = (
				7F0B35FA1AA771CE00FC00EF /* Sources */,
				7F0B35FB1AA771CE00FC00EF /* Frameworks */,
				7F0B35FC1AA771CE00FC00EF /* Resources */,
			);
			buildRules = (
			);
			dependencies = (
				7F0B36001AA771CE00FC00EF /* PBXTargetDependency */,
			);
			name = jogginTests;
			productName = jogginTests;
			productReference = 7F0B35FE1AA771CE00FC00EF /* jogginTests.xctest */;
			productType = "com.apple.product-type.bundle.unit-test";
		};
/* End PBXNativeTarget section */

/* Begin PBXProject section */
		7F0B35DE1AA771CE00FC00EF /* Project object */ = {
			isa = PBXProject;
			attributes = {
				LastUpgradeCheck = 0610;
				ORGANIZATIONNAME = "Victor Chirino";
				TargetAttributes = {
					7F0B35E51AA771CE00FC00EF = {
						CreatedOnToolsVersion = 6.1.1;
					};
					7F0B35FD1AA771CE00FC00EF = {
						CreatedOnToolsVersion = 6.1.1;
						TestTargetID = 7F0B35E51AA771CE00FC00EF;
					};
				};
			};
			buildConfigurationList = 7F0B35E11AA771CE00FC00EF /* Build configuration list for PBXProject "joggin" */;
			compatibilityVersion = "Xcode 3.2";
			developmentRegion = English;
			hasScannedForEncodings = 0;
			knownRegions = (
				en,
				Base,
			);
			mainGroup = 7F0B35DD1AA771CE00FC00EF;
			productRefGroup = 7F0B35E71AA771CE00FC00EF /* Products */;
			projectDirPath = "";
			projectRoot = "";
			targets = (
				7F0B35E51AA771CE00FC00EF /* joggin */,
				7F0B35FD1AA771CE00FC00EF /* jogginTests */,
			);
		};
/* End PBXProject section */

/* Begin PBXResourcesBuildPhase section */
		7F0B35E41AA771CE00FC00EF /* Resources */ = {
			isa = PBXResourcesBuildPhase;
			buildActionMask = 2147483647;
			files = (
				7F4AF6001AA78AC90056D1C6 /* login.storyboard in Resources */,
				7F0B35F41AA771CE00FC00EF /* Main.storyboard in Resources */,
				7F0B35F91AA771CE00FC00EF /* LaunchScreen.xib in Resources */,
				B574D2A11AA957BE0056E624 /* HomeTableViewCell.xib in Resources */,
				7F0B35F61AA771CE00FC00EF /* Images.xcassets in Resources */,
			);
			runOnlyForDeploymentPostprocessing = 0;
		};
		7F0B35FC1AA771CE00FC00EF /* Resources */ = {
			isa = PBXResourcesBuildPhase;
			buildActionMask = 2147483647;
			files = (
			);
			runOnlyForDeploymentPostprocessing = 0;
		};
/* End PBXResourcesBuildPhase section */

/* Begin PBXSourcesBuildPhase section */
		7F0B35E21AA771CE00FC00EF /* Sources */ = {
			isa = PBXSourcesBuildPhase;
			buildActionMask = 2147483647;
			files = (
				7F2B08F11AA8B001006D470E /* FirstViewController.swift in Sources */,
				7F4AF6021AA78D250056D1C6 /* LoginViewController.swift in Sources */,
				7F2B08F51AA8EEB1006D470E /* TabBarViewController.swift in Sources */,
				7F0B35F11AA771CE00FC00EF /* ViewController.swift in Sources */,
				7F0B35EC1AA771CE00FC00EF /* AppDelegate.swift in Sources */,
				7F2B08F31AA8EBB6006D470E /* HomeTableViewController.swift in Sources */,
				B574D2A01AA957BE0056E624 /* HomeTableViewCell.swift in Sources */,
				7F8283D21AA7A12E009B45D4 /* EmptySegue.swift in Sources */,
				7F8283D01AA798B9009B45D4 /* SecondViewController.swift in Sources */,
				7F0B35EF1AA771CE00FC00EF /* joggin.xcdatamodeld in Sources */,
				7F5B59D81AA8A91200D97024 /* PZUILoader.m in Sources */,
				7F8283CC1AA797B7009B45D4 /* InfoLoginContainerViewController.swift in Sources */,
			);
			runOnlyForDeploymentPostprocessing = 0;
		};
		7F0B35FA1AA771CE00FC00EF /* Sources */ = {
			isa = PBXSourcesBuildPhase;
			buildActionMask = 2147483647;
			files = (
				7F0B36051AA771CE00FC00EF /* jogginTests.swift in Sources */,
			);
			runOnlyForDeploymentPostprocessing = 0;
		};
/* End PBXSourcesBuildPhase section */

/* Begin PBXTargetDependency section */
		7F0B36001AA771CE00FC00EF /* PBXTargetDependency */ = {
			isa = PBXTargetDependency;
			target = 7F0B35E51AA771CE00FC00EF /* joggin */;
			targetProxy = 7F0B35FF1AA771CE00FC00EF /* PBXContainerItemProxy */;
		};
/* End PBXTargetDependency section */

/* Begin PBXVariantGroup section */
		7F0B35F21AA771CE00FC00EF /* Main.storyboard */ = {
			isa = PBXVariantGroup;
			children = (
				7F0B35F31AA771CE00FC00EF /* Base */,
			);
			name = Main.storyboard;
			sourceTree = "<group>";
		};
		7F0B35F71AA771CE00FC00EF /* LaunchScreen.xib */ = {
			isa = PBXVariantGroup;
			children = (
				7F0B35F81AA771CE00FC00EF /* Base */,
			);
			name = LaunchScreen.xib;
			sourceTree = "<group>";
		};
/* End PBXVariantGroup section */

/* Begin XCBuildConfiguration section */
		7F0B36061AA771CE00FC00EF /* Debug */ = {
			isa = XCBuildConfiguration;
			buildSettings = {
				ALWAYS_SEARCH_USER_PATHS = NO;
				CLANG_CXX_LANGUAGE_STANDARD = "gnu++0x";
				CLANG_CXX_LIBRARY = "libc++";
				CLANG_ENABLE_MODULES = YES;
				CLANG_ENABLE_OBJC_ARC = YES;
				CLANG_WARN_BOOL_CONVERSION = YES;
				CLANG_WARN_CONSTANT_CONVERSION = YES;
				CLANG_WARN_DIRECT_OBJC_ISA_USAGE = YES_ERROR;
				CLANG_WARN_EMPTY_BODY = YES;
				CLANG_WARN_ENUM_CONVERSION = YES;
				CLANG_WARN_INT_CONVERSION = YES;
				CLANG_WARN_OBJC_ROOT_CLASS = YES_ERROR;
				CLANG_WARN_UNREACHABLE_CODE = YES;
				CLANG_WARN__DUPLICATE_METHOD_MATCH = YES;
				"CODE_SIGN_IDENTITY[sdk=iphoneos*]" = "iPhone Developer";
				COPY_PHASE_STRIP = NO;
				ENABLE_STRICT_OBJC_MSGSEND = YES;
				GCC_C_LANGUAGE_STANDARD = gnu99;
				GCC_DYNAMIC_NO_PIC = NO;
				GCC_OPTIMIZATION_LEVEL = 0;
				GCC_PREPROCESSOR_DEFINITIONS = (
					"DEBUG=1",
					"$(inherited)",
				);
				GCC_SYMBOLS_PRIVATE_EXTERN = NO;
				GCC_WARN_64_TO_32_BIT_CONVERSION = YES;
				GCC_WARN_ABOUT_RETURN_TYPE = YES_ERROR;
				GCC_WARN_UNDECLARED_SELECTOR = YES;
				GCC_WARN_UNINITIALIZED_AUTOS = YES_AGGRESSIVE;
				GCC_WARN_UNUSED_FUNCTION = YES;
				GCC_WARN_UNUSED_VARIABLE = YES;
				IPHONEOS_DEPLOYMENT_TARGET = 8.1;
				MTL_ENABLE_DEBUG_INFO = YES;
				ONLY_ACTIVE_ARCH = YES;
				SDKROOT = iphoneos;
				SWIFT_OPTIMIZATION_LEVEL = "-Onone";
			};
			name = Debug;
		};
		7F0B36071AA771CE00FC00EF /* Release */ = {
			isa = XCBuildConfiguration;
			buildSettings = {
				ALWAYS_SEARCH_USER_PATHS = NO;
				CLANG_CXX_LANGUAGE_STANDARD = "gnu++0x";
				CLANG_CXX_LIBRARY = "libc++";
				CLANG_ENABLE_MODULES = YES;
				CLANG_ENABLE_OBJC_ARC = YES;
				CLANG_WARN_BOOL_CONVERSION = YES;
				CLANG_WARN_CONSTANT_CONVERSION = YES;
				CLANG_WARN_DIRECT_OBJC_ISA_USAGE = YES_ERROR;
				CLANG_WARN_EMPTY_BODY = YES;
				CLANG_WARN_ENUM_CONVERSION = YES;
				CLANG_WARN_INT_CONVERSION = YES;
				CLANG_WARN_OBJC_ROOT_CLASS = YES_ERROR;
				CLANG_WARN_UNREACHABLE_CODE = YES;
				CLANG_WARN__DUPLICATE_METHOD_MATCH = YES;
				"CODE_SIGN_IDENTITY[sdk=iphoneos*]" = "iPhone Developer";
				COPY_PHASE_STRIP = YES;
				ENABLE_NS_ASSERTIONS = NO;
				ENABLE_STRICT_OBJC_MSGSEND = YES;
				GCC_C_LANGUAGE_STANDARD = gnu99;
				GCC_WARN_64_TO_32_BIT_CONVERSION = YES;
				GCC_WARN_ABOUT_RETURN_TYPE = YES_ERROR;
				GCC_WARN_UNDECLARED_SELECTOR = YES;
				GCC_WARN_UNINITIALIZED_AUTOS = YES_AGGRESSIVE;
				GCC_WARN_UNUSED_FUNCTION = YES;
				GCC_WARN_UNUSED_VARIABLE = YES;
				IPHONEOS_DEPLOYMENT_TARGET = 8.1;
				MTL_ENABLE_DEBUG_INFO = NO;
				SDKROOT = iphoneos;
				VALIDATE_PRODUCT = YES;
			};
			name = Release;
		};
		7F0B36091AA771CE00FC00EF /* Debug */ = {
			isa = XCBuildConfiguration;
			buildSettings = {
				ASSETCATALOG_COMPILER_APPICON_NAME = AppIcon;
				CLANG_ENABLE_MODULES = YES;
				CODE_SIGN_IDENTITY = "iPhone Developer";
				FRAMEWORK_SEARCH_PATHS = (
					"$(inherited)",
					"$(PROJECT_DIR)",
				);
				INFOPLIST_FILE = joggin/Info.plist;
				LD_RUNPATH_SEARCH_PATHS = "$(inherited) @executable_path/Frameworks";
				PRODUCT_NAME = "$(TARGET_NAME)";
				SWIFT_OBJC_BRIDGING_HEADER = "joggin/joggin-Bridging-Header.h";
				SWIFT_OPTIMIZATION_LEVEL = "-Onone";
			};
			name = Debug;
		};
		7F0B360A1AA771CE00FC00EF /* Release */ = {
			isa = XCBuildConfiguration;
			buildSettings = {
				ASSETCATALOG_COMPILER_APPICON_NAME = AppIcon;
				CLANG_ENABLE_MODULES = YES;
				CODE_SIGN_IDENTITY = "iPhone Developer";
				FRAMEWORK_SEARCH_PATHS = (
					"$(inherited)",
					"$(PROJECT_DIR)",
				);
				INFOPLIST_FILE = joggin/Info.plist;
				LD_RUNPATH_SEARCH_PATHS = "$(inherited) @executable_path/Frameworks";
				PRODUCT_NAME = "$(TARGET_NAME)";
				SWIFT_OBJC_BRIDGING_HEADER = "joggin/joggin-Bridging-Header.h";
			};
			name = Release;
		};
		7F0B360C1AA771CE00FC00EF /* Debug */ = {
			isa = XCBuildConfiguration;
			buildSettings = {
				BUNDLE_LOADER = "$(TEST_HOST)";
				FRAMEWORK_SEARCH_PATHS = (
					"$(SDKROOT)/Developer/Library/Frameworks",
					"$(inherited)",
				);
				GCC_PREPROCESSOR_DEFINITIONS = (
					"DEBUG=1",
					"$(inherited)",
				);
				INFOPLIST_FILE = jogginTests/Info.plist;
				LD_RUNPATH_SEARCH_PATHS = "$(inherited) @executable_path/Frameworks @loader_path/Frameworks";
				PRODUCT_NAME = "$(TARGET_NAME)";
				TEST_HOST = "$(BUILT_PRODUCTS_DIR)/joggin.app/joggin";
			};
			name = Debug;
		};
		7F0B360D1AA771CE00FC00EF /* Release */ = {
			isa = XCBuildConfiguration;
			buildSettings = {
				BUNDLE_LOADER = "$(TEST_HOST)";
				FRAMEWORK_SEARCH_PATHS = (
					"$(SDKROOT)/Developer/Library/Frameworks",
					"$(inherited)",
				);
				INFOPLIST_FILE = jogginTests/Info.plist;
				LD_RUNPATH_SEARCH_PATHS = "$(inherited) @executable_path/Frameworks @loader_path/Frameworks";
				PRODUCT_NAME = "$(TARGET_NAME)";
				TEST_HOST = "$(BUILT_PRODUCTS_DIR)/joggin.app/joggin";
			};
			name = Release;
		};
/* End XCBuildConfiguration section */

/* Begin XCConfigurationList section */
		7F0B35E11AA771CE00FC00EF /* Build configuration list for PBXProject "joggin" */ = {
			isa = XCConfigurationList;
			buildConfigurations = (
				7F0B36061AA771CE00FC00EF /* Debug */,
				7F0B36071AA771CE00FC00EF /* Release */,
			);
			defaultConfigurationIsVisible = 0;
			defaultConfigurationName = Release;
		};
		7F0B36081AA771CE00FC00EF /* Build configuration list for PBXNativeTarget "joggin" */ = {
			isa = XCConfigurationList;
			buildConfigurations = (
				7F0B36091AA771CE00FC00EF /* Debug */,
				7F0B360A1AA771CE00FC00EF /* Release */,
			);
			defaultConfigurationIsVisible = 0;
			defaultConfigurationName = Release;
		};
		7F0B360B1AA771CE00FC00EF /* Build configuration list for PBXNativeTarget "jogginTests" */ = {
			isa = XCConfigurationList;
			buildConfigurations = (
				7F0B360C1AA771CE00FC00EF /* Debug */,
				7F0B360D1AA771CE00FC00EF /* Release */,
			);
			defaultConfigurationIsVisible = 0;
			defaultConfigurationName = Release;
		};
/* End XCConfigurationList section */

/* Begin XCVersionGroup section */
		7F0B35ED1AA771CE00FC00EF /* joggin.xcdatamodeld */ = {
			isa = XCVersionGroup;
			children = (
				7F0B35EE1AA771CE00FC00EF /* joggin.xcdatamodel */,
			);
			currentVersion = 7F0B35EE1AA771CE00FC00EF /* joggin.xcdatamodel */;
			path = joggin.xcdatamodeld;
			sourceTree = "<group>";
			versionGroupType = wrapper.xcdatamodel;
		};
/* End XCVersionGroup section */
	};
	rootObject = 7F0B35DE1AA771CE00FC00EF /* Project object */;
}
